
Microsoft Visual Studio Solution File, Format Version 12.00
# Visual Studio Version 17
VisualStudioVersion = 17.13.35913.81 d17.13
MinimumVisualStudioVersion = 10.0.40219.1
Project("{FAE04EC0-301F-11D3-BF4B-00C04F79EFBC}") = "ConsoleApp1", "ConsoleApp1\ConsoleApp1.csproj", "{101F58FB-2D4C-4A0A-9B4D-F0B8B778C4E7}"
EndProject
Global
	GlobalSection(SolutionConfigurationPlatforms) = preSolution
		Debug|Any CPU = Debug|Any CPU
		Release|Any CPU = Release|Any CPU
	EndGlobalSection
	GlobalSection(ProjectConfigurationPlatforms) = postSolution
		{101F58FB-2D4C-4A0A-9B4D-F0B8B778C4E7}.Debug|Any CPU.ActiveCfg = Debug|Any CPU
		{101F58FB-2D4C-4A0A-9B4D-F0B8B778C4E7}.Debug|Any CPU.Build.0 = Debug|Any CPU
		{101F58FB-2D4C-4A0A-9B4D-F0B8B778C4E7}.Release|Any CPU.ActiveCfg = Release|Any CPU
		{101F58FB-2D4C-4A0A-9B4D-F0B8B778C4E7}.Release|Any CPU.Build.0 = Release|Any CPU
	EndGlobalSection
	GlobalSection(SolutionProperties) = preSolution
		HideSolutionNode = FALSE
	EndGlobalSection
	GlobalSection(ExtensibilityGlobals) = postSolution
		SolutionGuid = {B9AC1EC6-3EBB-4713-B103-0C3161B07459}
	EndGlobalSection
EndGlobal
